{
  "nodes": {
    "nixpkgs-rust": {
      "locked": {
        "lastModified": 1720253254,
        "narHash": "sha256-9OmdavzPbJHEphruc/0x9y27fp3EgoQBWeI9owtZiN0=",
        "owner": "nixos",
        "repo": "nixpkgs",
        "rev": "83aaf6183611b2816a35d3d437eb99177d43378f",
        "type": "github"
      },
      "original": {
        "owner": "nixos",
        "ref": "83aaf6183611b2816a35d3d437eb99177d43378f",
        "repo": "nixpkgs",
        "type": "github"
      }
    },
    "nixpkgs-zed": {
      "locked": {
        "lastModified": 1720763479,
        "narHash": "sha256-7D4KeRoBKiSrjhKjCjkkNtdh4fUDmBVubdQMZokLQJE=",
        "owner": "nixos",
        "repo": "nixpkgs",
        "rev": "f62f4aa5819324640d60158f38c8ed333b4de18f",
        "type": "github"
      },
      "original": {
        "owner": "nixos",
        "ref": "f62f4aa5819324640d60158f38c8ed333b4de18f",
        "repo": "nixpkgs",
        "type": "github"
      }
    },
    "root": {
      "inputs": {
        "nixpkgs-rust": "nixpkgs-rust",
        "nixpkgs-zed": "nixpkgs-zed",
        "utils": "utils"
      }
    },
    "systems": {
      "locked": {
        "lastModified": 1681028828,
        "narHash": "sha256-Vy1rq5AaRuLzOxct8nz4T6wlgyUR7zLU309k9mBC768=",
        "owner": "nix-systems",
        "repo": "default",
        "rev": "da67096a3b9bf56a91d16901293e51ba5b49a27e",
        "type": "github"
      },
      "original": {
        "owner": "nix-systems",
        "repo": "default",
        "type": "github"
      }
    },
    "utils": {
      "inputs": {
        "systems": "systems"
      },
      "locked": {
        "lastModified": 1710146030,
        "narHash": "sha256-SZ5L6eA7HJ/nmkzGG7/ISclqe6oZdOZTNoesiInkXPQ=",
        "owner": "numtide",
        "repo": "flake-utils",
        "rev": "b1d9ab70662946ef0850d488da1c9019f3a9752a",
        "type": "github"
      },
      "original": {
        "owner": "numtide",
        "repo": "flake-utils",
        "type": "github"
      }
    }
  },
  "root": "root",
  "version": 7
}
